// !$*UTF8*$!
{
	archiveVersion = 1;
	classes = {
	};
	objectVersion = 48;
	objects = {

/* Begin PBXBuildFile section */
		4F90472E20A00B1D007508B3 /* AppDelegate.m in Sources */ = {isa = PBXBuildFile; fileRef = 4F90472D20A00B1D007508B3 /* AppDelegate.m */; };
		4F90473120A00B1D007508B3 /* ViewController.m in Sources */ = {isa = PBXBuildFile; fileRef = 4F90473020A00B1D007508B3 /* ViewController.m */; };
		4F90473420A00B1D007508B3 /* Main.storyboard in Resources */ = {isa = PBXBuildFile; fileRef = 4F90473220A00B1D007508B3 /* Main.storyboard */; };
		4F90473620A00B1D007508B3 /* Assets.xcassets in Resources */ = {isa = PBXBuildFile; fileRef = 4F90473520A00B1D007508B3 /* Assets.xcassets */; };
		4F90473920A00B1D007508B3 /* LaunchScreen.storyboard in Resources */ = {isa = PBXBuildFile; fileRef = 4F90473720A00B1D007508B3 /* LaunchScreen.storyboard */; };
		4F90473C20A00B1D007508B3 /* main.m in Sources */ = {isa = PBXBuildFile; fileRef = 4F90473B20A00B1D007508B3 /* main.m */; };
		4F90474620A00B1D007508B3 /* PhotoBrowserTests.m in Sources */ = {isa = PBXBuildFile; fileRef = 4F90474520A00B1D007508B3 /* PhotoBrowserTests.m */; };
		4F90475120A00B1D007508B3 /* PhotoBrowserUITests.m in Sources */ = {isa = PBXBuildFile; fileRef = 4F90475020A00B1D007508B3 /* PhotoBrowserUITests.m */; };
/* End PBXBuildFile section */

/* Begin PBXContainerItemProxy section */
		4F90474220A00B1D007508B3 /* PBXContainerItemProxy */ = {
			isa = PBXContainerItemProxy;
			containerPortal = 4F90472120A00B1D007508B3 /* Project object */;
			proxyType = 1;
			remoteGlobalIDString = 4F90472820A00B1D007508B3;
			remoteInfo = PhotoBrowser;
		};
		4F90474D20A00B1D007508B3 /* PBXContainerItemProxy */ = {
			isa = PBXContainerItemProxy;
			containerPortal = 4F90472120A00B1D007508B3 /* Project object */;
			proxyType = 1;
			remoteGlobalIDString = 4F90472820A00B1D007508B3;
			remoteInfo = PhotoBrowser;
		};
/* End PBXContainerItemProxy section */

/* Begin PBXFileReference section */
		4F90472920A00B1D007508B3 /* PhotoBrowser.app */ = {isa = PBXFileReference; explicitFileType = wrapper.application; includeInIndex = 0; path = PhotoBrowser.app; sourceTree = BUILT_PRODUCTS_DIR; };
		4F90472C20A00B1D007508B3 /* AppDelegate.h */ = {isa = PBXFileReference; lastKnownFileType = sourcecode.c.h; path = AppDelegate.h; sourceTree = "<group>"; };
		4F90472D20A00B1D007508B3 /* AppDelegate.m */ = {isa = PBXFileReference; lastKnownFileType = sourcecode.c.objc; path = AppDelegate.m; sourceTree = "<group>"; };
		4F90472F20A00B1D007508B3 /* ViewController.h */ = {isa = PBXFileReference; lastKnownFileType = sourcecode.c.h; path = ViewController.h; sourceTree = "<group>"; };
		4F90473020A00B1D007508B3 /* ViewController.m */ = {isa = PBXFileReference; lastKnownFileType = sourcecode.c.objc; path = ViewController.m; sourceTree = "<group>"; };
		4F90473320A00B1D007508B3 /* Base */ = {isa = PBXFileReference; lastKnownFileType = file.storyboard; name = Base; path = Base.lproj/Main.storyboard; sourceTree = "<group>"; };
		4F90473520A00B1D007508B3 /* Assets.xcassets */ = {isa = PBXFileReference; lastKnownFileType = folder.assetcatalog; path = Assets.xcassets; sourceTree = "<group>"; };
		4F90473820A00B1D007508B3 /* Base */ = {isa = PBXFileReference; lastKnownFileType = file.storyboard; name = Base; path = Base.lproj/LaunchScreen.storyboard; sourceTree = "<group>"; };
		4F90473A20A00B1D007508B3 /* Info.plist */ = {isa = PBXFileReference; lastKnownFileType = text.plist.xml; path = Info.plist; sourceTree = "<group>"; };
		4F90473B20A00B1D007508B3 /* main.m */ = {isa = PBXFileReference; lastKnownFileType = sourcecode.c.objc; path = main.m; sourceTree = "<group>"; };
		4F90474120A00B1D007508B3 /* PhotoBrowserTests.xctest */ = {isa = PBXFileReference; explicitFileType = wrapper.cfbundle; includeInIndex = 0; path = PhotoBrowserTests.xctest; sourceTree = BUILT_PRODUCTS_DIR; };
		4F90474520A00B1D007508B3 /* PhotoBrowserTests.m */ = {isa = PBXFileReference; lastKnownFileType = sourcecode.c.objc; path = PhotoBrowserTests.m; sourceTree = "<group>"; };
		4F90474720A00B1D007508B3 /* Info.plist */ = {isa = PBXFileReference; lastKnownFileType = text.plist.xml; path = Info.plist; sourceTree = "<group>"; };
		4F90474C20A00B1D007508B3 /* PhotoBrowserUITests.xctest */ = {isa = PBXFileReference; explicitFileType = wrapper.cfbundle; includeInIndex = 0; path = PhotoBrowserUITests.xctest; sourceTree = BUILT_PRODUCTS_DIR; };
		4F90475020A00B1D007508B3 /* PhotoBrowserUITests.m */ = {isa = PBXFileReference; lastKnownFileType = sourcecode.c.objc; path = PhotoBrowserUITests.m; sourceTree = "<group>"; };
		4F90475220A00B1D007508B3 /* Info.plist */ = {isa = PBXFileReference; lastKnownFileType = text.plist.xml; path = Info.plist; sourceTree = "<group>"; };
/* End PBXFileReference section */

/* Begin PBXFrameworksBuildPhase section */
		4F90472620A00B1D007508B3 /* Frameworks */ = {
			isa = PBXFrameworksBuildPhase;
			buildActionMask = 2147483647;
			files = (
			);
			runOnlyForDeploymentPostprocessing = 0;
		};
		4F90473E20A00B1D007508B3 /* Frameworks */ = {
			isa = PBXFrameworksBuildPhase;
			buildActionMask = 2147483647;
			files = (
			);
			runOnlyForDeploymentPostprocessing = 0;
		};
		4F90474920A00B1D007508B3 /* Frameworks */ = {
			isa = PBXFrameworksBuildPhase;
			buildActionMask = 2147483647;
			files = (
			);
			runOnlyForDeploymentPostprocessing = 0;
		};
/* End PBXFrameworksBuildPhase section */

/* Begin PBXGroup section */
		4F90472020A00B1D007508B3 = {
			isa = PBXGroup;
			children = (
				4F90472B20A00B1D007508B3 /* PhotoBrowser */,
				4F90474420A00B1D007508B3 /* PhotoBrowserTests */,
				4F90474F20A00B1D007508B3 /* PhotoBrowserUITests */,
				4F90472A20A00B1D007508B3 /* Products */,
			);
			sourceTree = "<group>";
		};
		4F90472A20A00B1D007508B3 /* Products */ = {
			isa = PBXGroup;
			children = (
				4F90472920A00B1D007508B3 /* PhotoBrowser.app */,
				4F90474120A00B1D007508B3 /* PhotoBrowserTests.xctest */,
				4F90474C20A00B1D007508B3 /* PhotoBrowserUITests.xctest */,
			);
			name = Products;
			sourceTree = "<group>";
		};
		4F90472B20A00B1D007508B3 /* PhotoBrowser */ = {
			isa = PBXGroup;
			children = (
				4F90472C20A00B1D007508B3 /* AppDelegate.h */,
				4F90472D20A00B1D007508B3 /* AppDelegate.m */,
				4F90472F20A00B1D007508B3 /* ViewController.h */,
				4F90473020A00B1D007508B3 /* ViewController.m */,
				4F90473220A00B1D007508B3 /* Main.storyboard */,
				4F90473520A00B1D007508B3 /* Assets.xcassets */,
				4F90473720A00B1D007508B3 /* LaunchScreen.storyboard */,
				4F90473A20A00B1D007508B3 /* Info.plist */,
				4F90473B20A00B1D007508B3 /* main.m */,
			);
			path = PhotoBrowser;
			sourceTree = "<group>";
		};
		4F90474420A00B1D007508B3 /* PhotoBrowserTests */ = {
			isa = PBXGroup;
			children = (
				4F90474520A00B1D007508B3 /* PhotoBrowserTests.m */,
				4F90474720A00B1D007508B3 /* Info.plist */,
			);
			path = PhotoBrowserTests;
			sourceTree = "<group>";
		};
		4F90474F20A00B1D007508B3 /* PhotoBrowserUITests */ = {
			isa = PBXGroup;
			children = (
				4F90475020A00B1D007508B3 /* PhotoBrowserUITests.m */,
				4F90475220A00B1D007508B3 /* Info.plist */,
			);
			path = PhotoBrowserUITests;
			sourceTree = "<group>";
		};
/* End PBXGroup section */

/* Begin PBXNativeTarget section */
		4F90472820A00B1D007508B3 /* PhotoBrowser */ = {
			isa = PBXNativeTarget;
			buildConfigurationList = 4F90475520A00B1D007508B3 /* Build configuration list for PBXNativeTarget "PhotoBrowser" */;
			buildPhases = (
				4F90472520A00B1D007508B3 /* Sources */,
				4F90472620A00B1D007508B3 /* Frameworks */,
				4F90472720A00B1D007508B3 /* Resources */,
			);
			buildRules = (
			);
			dependencies = (
			);
			name = PhotoBrowser;
			productName = PhotoBrowser;
			productReference = 4F90472920A00B1D007508B3 /* PhotoBrowser.app */;
			productType = "com.apple.product-type.application";
		};
		4F90474020A00B1D007508B3 /* PhotoBrowserTests */ = {
			isa = PBXNativeTarget;
			buildConfigurationList = 4F90475820A00B1D007508B3 /* Build configuration list for PBXNativeTarget "PhotoBrowserTests" */;
			buildPhases = (
				4F90473D20A00B1D007508B3 /* Sources */,
				4F90473E20A00B1D007508B3 /* Frameworks */,
				4F90473F20A00B1D007508B3 /* Resources */,
			);
			buildRules = (
			);
			dependencies = (
				4F90474320A00B1D007508B3 /* PBXTargetDependency */,
			);
			name = PhotoBrowserTests;
			productName = PhotoBrowserTests;
			productReference = 4F90474120A00B1D007508B3 /* PhotoBrowserTests.xctest */;
			productType = "com.apple.product-type.bundle.unit-test";
		};
		4F90474B20A00B1D007508B3 /* PhotoBrowserUITests */ = {
			isa = PBXNativeTarget;
			buildConfigurationList = 4F90475B20A00B1D007508B3 /* Build configuration list for PBXNativeTarget "PhotoBrowserUITests" */;
			buildPhases = (
				4F90474820A00B1D007508B3 /* Sources */,
				4F90474920A00B1D007508B3 /* Frameworks */,
				4F90474A20A00B1D007508B3 /* Resources */,
			);
			buildRules = (
			);
			dependencies = (
				4F90474E20A00B1D007508B3 /* PBXTargetDependency */,
			);
			name = PhotoBrowserUITests;
			productName = PhotoBrowserUITests;
			productReference = 4F90474C20A00B1D007508B3 /* PhotoBrowserUITests.xctest */;
			productType = "com.apple.product-type.bundle.ui-testing";
		};
/* End PBXNativeTarget section */

/* Begin PBXProject section */
		4F90472120A00B1D007508B3 /* Project object */ = {
			isa = PBXProject;
			attributes = {
				LastUpgradeCheck = 0920;
				ORGANIZATIONNAME = Wipro;
				TargetAttributes = {
					4F90472820A00B1D007508B3 = {
						CreatedOnToolsVersion = 9.2;
						ProvisioningStyle = Automatic;
					};
					4F90474020A00B1D007508B3 = {
						CreatedOnToolsVersion = 9.2;
						ProvisioningStyle = Automatic;
						TestTargetID = 4F90472820A00B1D007508B3;
					};
					4F90474B20A00B1D007508B3 = {
						CreatedOnToolsVersion = 9.2;
						ProvisioningStyle = Automatic;
						TestTargetID = 4F90472820A00B1D007508B3;
					};
				};
			};
			buildConfigurationList = 4F90472420A00B1D007508B3 /* Build configuration list for PBXProject "PhotoBrowser" */;
			compatibilityVersion = "Xcode 8.0";
			developmentRegion = en;
			hasScannedForEncodings = 0;
			knownRegions = (
				en,
				Base,
			);
			mainGroup = 4F90472020A00B1D007508B3;
			productRefGroup = 4F90472A20A00B1D007508B3 /* Products */;
			projectDirPath = "";
			projectRoot = "";
			targets = (
				4F90472820A00B1D007508B3 /* PhotoBrowser */,
				4F90474020A00B1D007508B3 /* PhotoBrowserTests */,
				4F90474B20A00B1D007508B3 /* PhotoBrowserUITests */,
			);
		};
/* End PBXProject section */

/* Begin PBXResourcesBuildPhase section */
		4F90472720A00B1D007508B3 /* Resources */ = {
			isa = PBXResourcesBuildPhase;
			buildActionMask = 2147483647;
			files = (
				4F90473920A00B1D007508B3 /* LaunchScreen.storyboard in Resources */,
				4F90473620A00B1D007508B3 /* Assets.xcassets in Resources */,
				4F90473420A00B1D007508B3 /* Main.storyboard in Resources */,
			);
			runOnlyForDeploymentPostprocessing = 0;
		};
		4F90473F20A00B1D007508B3 /* Resources */ = {
			isa = PBXResourcesBuildPhase;
			buildActionMask = 2147483647;
			files = (
			);
			runOnlyForDeploymentPostprocessing = 0;
		};
		4F90474A20A00B1D007508B3 /* Resources */ = {
			isa = PBXResourcesBuildPhase;
			buildActionMask = 2147483647;
			files = (
			);
			runOnlyForDeploymentPostprocessing = 0;
		};
/* End PBXResourcesBuildPhase section */

/* Begin PBXSourcesBuildPhase section */
		4F90472520A00B1D007508B3 /* Sources */ = {
			isa = PBXSourcesBuildPhase;
			buildActionMask = 2147483647;
			files = (
				4F90473120A00B1D007508B3 /* ViewController.m in Sources */,
				4F90473C20A00B1D007508B3 /* main.m in Sources */,
				4F90472E20A00B1D007508B3 /* AppDelegate.m in Sources */,
			);
			runOnlyForDeploymentPostprocessing = 0;
		};
		4F90473D20A00B1D007508B3 /* Sources */ = {
			isa = PBXSourcesBuildPhase;
			buildActionMask = 2147483647;
			files = (
				4F90474620A00B1D007508B3 /* PhotoBrowserTests.m in Sources */,
			);
			runOnlyForDeploymentPostprocessing = 0;
		};
		4F90474820A00B1D007508B3 /* Sources */ = {
			isa = PBXSourcesBuildPhase;
			buildActionMask = 2147483647;
			files = (
				4F90475120A00B1D007508B3 /* PhotoBrowserUITests.m in Sources */,
			);
			runOnlyForDeploymentPostprocessing = 0;
		};
/* End PBXSourcesBuildPhase section */

/* Begin PBXTargetDependency section */
		4F90474320A00B1D007508B3 /* PBXTargetDependency */ = {
			isa = PBXTargetDependency;
			target = 4F90472820A00B1D007508B3 /* PhotoBrowser */;
			targetProxy = 4F90474220A00B1D007508B3 /* PBXContainerItemProxy */;
		};
		4F90474E20A00B1D007508B3 /* PBXTargetDependency */ = {
			isa = PBXTargetDependency;
			target = 4F90472820A00B1D007508B3 /* PhotoBrowser */;
			targetProxy = 4F90474D20A00B1D007508B3 /* PBXContainerItemProxy */;
		};
/* End PBXTargetDependency section */

/* Begin PBXVariantGroup section */
		4F90473220A00B1D007508B3 /* Main.storyboard */ = {
			isa = PBXVariantGroup;
			children = (
				4F90473320A00B1D007508B3 /* Base */,
			);
			name = Main.storyboard;
			sourceTree = "<group>";
		};
		4F90473720A00B1D007508B3 /* LaunchScreen.storyboard */ = {
			isa = PBXVariantGroup;
			children = (
				4F90473820A00B1D007508B3 /* Base */,
			);
			name = LaunchScreen.storyboard;
			sourceTree = "<group>";
		};
/* End PBXVariantGroup section */

/* Begin XCBuildConfiguration section */
		4F90475320A00B1D007508B3 /* Debug */ = {
			isa = XCBuildConfiguration;
			buildSettings = {
				ALWAYS_SEARCH_USER_PATHS = NO;
				CLANG_ANALYZER_NONNULL = YES;
				CLANG_ANALYZER_NUMBER_OBJECT_CONVERSION = YES_AGGRESSIVE;
				CLANG_CXX_LANGUAGE_STANDARD = "gnu++14";
				CLANG_CXX_LIBRARY = "libc++";
				CLANG_ENABLE_MODULES = YES;
				CLANG_ENABLE_OBJC_ARC = YES;
				CLANG_WARN_BLOCK_CAPTURE_AUTORELEASING = YES;
				CLANG_WARN_BOOL_CONVERSION = YES;
				CLANG_WARN_COMMA = YES;
				CLANG_WARN_CONSTANT_CONVERSION = YES;
				CLANG_WARN_DIRECT_OBJC_ISA_USAGE = YES_ERROR;
				CLANG_WARN_DOCUMENTATION_COMMENTS = YES;
				CLANG_WARN_EMPTY_BODY = YES;
				CLANG_WARN_ENUM_CONVERSION = YES;
				CLANG_WARN_INFINITE_RECURSION = YES;
				CLANG_WARN_INT_CONVERSION = YES;
				CLANG_WARN_NON_LITERAL_NULL_CONVERSION = YES;
				CLANG_WARN_OBJC_LITERAL_CONVERSION = YES;
				CLANG_WARN_OBJC_ROOT_CLASS = YES_ERROR;
				CLANG_WARN_RANGE_LOOP_ANALYSIS = YES;
				CLANG_WARN_STRICT_PROTOTYPES = YES;
				CLANG_WARN_SUSPICIOUS_MOVE = YES;
				CLANG_WARN_UNGUARDED_AVAILABILITY = YES_AGGRESSIVE;
				CLANG_WARN_UNREACHABLE_CODE = YES;
				CLANG_WARN__DUPLICATE_METHOD_MATCH = YES;
				CODE_SIGN_IDENTITY = "iPhone Developer";
				COPY_PHASE_STRIP = NO;
				DEBUG_INFORMATION_FORMAT = dwarf;
				ENABLE_STRICT_OBJC_MSGSEND = YES;
				ENABLE_TESTABILITY = YES;
				GCC_C_LANGUAGE_STANDARD = gnu11;
				GCC_DYNAMIC_NO_PIC = NO;
				GCC_NO_COMMON_BLOCKS = YES;
				GCC_OPTIMIZATION_LEVEL = 0;
				GCC_PREPROCESSOR_DEFINITIONS = (
					"DEBUG=1",
					"$(inherited)",
				);
				GCC_WARN_64_TO_32_BIT_CONVERSION = YES;
				GCC_WARN_ABOUT_RETURN_TYPE = YES_ERROR;
				GCC_WARN_UNDECLARED_SELECTOR = YES;
				GCC_WARN_UNINITIALIZED_AUTOS = YES_AGGRESSIVE;
				GCC_WARN_UNUSED_FUNCTION = YES;
				GCC_WARN_UNUSED_VARIABLE = YES;
				IPHONEOS_DEPLOYMENT_TARGET = 11.2;
				MTL_ENABLE_DEBUG_INFO = YES;
				ONLY_ACTIVE_ARCH = YES;
				SDKROOT = iphoneos;
			};
			name = Debug;
		};
		4F90475420A00B1D007508B3 /* Release */ = {
			isa = XCBuildConfiguration;
			buildSettings = {
				ALWAYS_SEARCH_USER_PATHS = NO;
				CLANG_ANALYZER_NONNULL = YES;
				CLANG_ANALYZER_NUMBER_OBJECT_CONVERSION = YES_AGGRESSIVE;
				CLANG_CXX_LANGUAGE_STANDARD = "gnu++14";
				CLANG_CXX_LIBRARY = "libc++";
				CLANG_ENABLE_MODULES = YES;
				CLANG_ENABLE_OBJC_ARC = YES;
				CLANG_WARN_BLOCK_CAPTURE_AUTORELEASING = YES;
				CLANG_WARN_BOOL_CONVERSION = YES;
				CLANG_WARN_COMMA = YES;
				CLANG_WARN_CONSTANT_CONVERSION = YES;
				CLANG_WARN_DIRECT_OBJC_ISA_USAGE = YES_ERROR;
				CLANG_WARN_DOCUMENTATION_COMMENTS = YES;
				CLANG_WARN_EMPTY_BODY = YES;
				CLANG_WARN_ENUM_CONVERSION = YES;
				CLANG_WARN_INFINITE_RECURSION = YES;
				CLANG_WARN_INT_CONVERSION = YES;
				CLANG_WARN_NON_LITERAL_NULL_CONVERSION = YES;
				CLANG_WARN_OBJC_LITERAL_CONVERSION = YES;
				CLANG_WARN_OBJC_ROOT_CLASS = YES_ERROR;
				CLANG_WARN_RANGE_LOOP_ANALYSIS = YES;
				CLANG_WARN_STRICT_PROTOTYPES = YES;
				CLANG_WARN_SUSPICIOUS_MOVE = YES;
				CLANG_WARN_UNGUARDED_AVAILABILITY = YES_AGGRESSIVE;
				CLANG_WARN_UNREACHABLE_CODE = YES;
				CLANG_WARN__DUPLICATE_METHOD_MATCH = YES;
				CODE_SIGN_IDENTITY = "iPhone Developer";
				COPY_PHASE_STRIP = NO;
				DEBUG_INFORMATION_FORMAT = "dwarf-with-dsym";
				ENABLE_NS_ASSERTIONS = NO;
				ENABLE_STRICT_OBJC_MSGSEND = YES;
				GCC_C_LANGUAGE_STANDARD = gnu11;
				GCC_NO_COMMON_BLOCKS = YES;
				GCC_WARN_64_TO_32_BIT_CONVERSION = YES;
				GCC_WARN_ABOUT_RETURN_TYPE = YES_ERROR;
				GCC_WARN_UNDECLARED_SELECTOR = YES;
				GCC_WARN_UNINITIALIZED_AUTOS = YES_AGGRESSIVE;
				GCC_WARN_UNUSED_FUNCTION = YES;
				GCC_WARN_UNUSED_VARIABLE = YES;
				IPHONEOS_DEPLOYMENT_TARGET = 11.2;
				MTL_ENABLE_DEBUG_INFO = NO;
				SDKROOT = iphoneos;
				VALIDATE_PRODUCT = YES;
			};
			name = Release;
		};
		4F90475620A00B1D007508B3 /* Debug */ = {
			isa = XCBuildConfiguration;
			buildSettings = {
				ASSETCATALOG_COMPILER_APPICON_NAME = AppIcon;
				CODE_SIGN_STYLE = Automatic;
				DEVELOPMENT_TEAM = D23VUK52AN;
				INFOPLIST_FILE = PhotoBrowser/Info.plist;
				LD_RUNPATH_SEARCH_PATHS = "$(inherited) @executable_path/Frameworks";
				PRODUCT_BUNDLE_IDENTIFIER = WT.PhotoBrowser;
				PRODUCT_NAME = "$(TARGET_NAME)";
				TARGETED_DEVICE_FAMILY = "1,2";
			};
			name = Debug;
		};
		4F90475720A00B1D007508B3 /* Release */ = {
			isa = XCBuildConfiguration;
			buildSettings = {
				ASSETCATALOG_COMPILER_APPICON_NAME = AppIcon;
				CODE_SIGN_STYLE = Automatic;
				DEVELOPMENT_TEAM = D23VUK52AN;
				INFOPLIST_FILE = PhotoBrowser/Info.plist;
				LD_RUNPATH_SEARCH_PATHS = "$(inherited) @executable_path/Frameworks";
				PRODUCT_BUNDLE_IDENTIFIER = WT.PhotoBrowser;
				PRODUCT_NAME = "$(TARGET_NAME)";
				TARGETED_DEVICE_FAMILY = "1,2";
			};
			name = Release;
		};
		4F90475920A00B1D007508B3 /* Debug */ = {
			isa = XCBuildConfiguration;
			buildSettings = {
				BUNDLE_LOADER = "$(TEST_HOST)";
				CODE_SIGN_STYLE = Automatic;
				DEVELOPMENT_TEAM = D23VUK52AN;
				INFOPLIST_FILE = PhotoBrowserTests/Info.plist;
				LD_RUNPATH_SEARCH_PATHS = "$(inherited) @executable_path/Frameworks @loader_path/Frameworks";
				PRODUCT_BUNDLE_IDENTIFIER = WT.PhotoBrowserTests;
				PRODUCT_NAME = "$(TARGET_NAME)";
				TARGETED_DEVICE_FAMILY = "1,2";
				TEST_HOST = "$(BUILT_PRODUCTS_DIR)/PhotoBrowser.app/PhotoBrowser";
			};
			name = Debug;
		};
		4F90475A20A00B1D007508B3 /* Release */ = {
			isa = XCBuildConfiguration;
			buildSettings = {
				BUNDLE_LOADER = "$(TEST_HOST)";
				CODE_SIGN_STYLE = Automatic;
				DEVELOPMENT_TEAM = D23VUK52AN;
				INFOPLIST_FILE = PhotoBrowserTests/Info.plist;
				LD_RUNPATH_SEARCH_PATHS = "$(inherited) @executable_path/Frameworks @loader_path/Frameworks";
				PRODUCT_BUNDLE_IDENTIFIER = WT.PhotoBrowserTests;
				PRODUCT_NAME = "$(TARGET_NAME)";
				TARGETED_DEVICE_FAMILY = "1,2";
				TEST_HOST = "$(BUILT_PRODUCTS_DIR)/PhotoBrowser.app/PhotoBrowser";
			};
			name = Release;
		};
		4F90475C20A00B1D007508B3 /* Debug */ = {
			isa = XCBuildConfiguration;
			buildSettings = {
				CODE_SIGN_STYLE = Automatic;
				DEVELOPMENT_TEAM = D23VUK52AN;
				INFOPLIST_FILE = PhotoBrowserUITests/Info.plist;
				LD_RUNPATH_SEARCH_PATHS = "$(inherited) @executable_path/Frameworks @loader_path/Frameworks";
				PRODUCT_BUNDLE_IDENTIFIER = WT.PhotoBrowserUITests;
				PRODUCT_NAME = "$(TARGET_NAME)";
				TARGETED_DEVICE_FAMILY = "1,2";
				TEST_TARGET_NAME = PhotoBrowser;
			};
			name = Debug;
		};
		4F90475D20A00B1D007508B3 /* Release */ = {
			isa = XCBuildConfiguration;
			buildSettings = {
				CODE_SIGN_STYLE = Automatic;
				DEVELOPMENT_TEAM = D23VUK52AN;
				INFOPLIST_FILE = PhotoBrowserUITests/Info.plist;
				LD_RUNPATH_SEARCH_PATHS = "$(inherited) @executable_path/Frameworks @loader_path/Frameworks";
				PRODUCT_BUNDLE_IDENTIFIER = WT.PhotoBrowserUITests;
				PRODUCT_NAME = "$(TARGET_NAME)";
				TARGETED_DEVICE_FAMILY = "1,2";
				TEST_TARGET_NAME = PhotoBrowser;
			};
			name = Release;
		};
/* End XCBuildConfiguration section */

/* Begin XCConfigurationList section */
		4F90472420A00B1D007508B3 /* Build configuration list for PBXProject "PhotoBrowser" */ = {
			isa = XCConfigurationList;
			buildConfigurations = (
				4F90475320A00B1D007508B3 /* Debug */,
				4F90475420A00B1D007508B3 /* Release */,
			);
			defaultConfigurationIsVisible = 0;
			defaultConfigurationName = Release;
		};
		4F90475520A00B1D007508B3 /* Build configuration list for PBXNativeTarget "PhotoBrowser" */ = {
			isa = XCConfigurationList;
			buildConfigurations = (
				4F90475620A00B1D007508B3 /* Debug */,
				4F90475720A00B1D007508B3 /* Release */,
			);
			defaultConfigurationIsVisible = 0;
			defaultConfigurationName = Release;
		};
		4F90475820A00B1D007508B3 /* Build configuration list for PBXNativeTarget "PhotoBrowserTests" */ = {
			isa = XCConfigurationList;
			buildConfigurations = (
				4F90475920A00B1D007508B3 /* Debug */,
				4F90475A20A00B1D007508B3 /* Release */,
			);
			defaultConfigurationIsVisible = 0;
			defaultConfigurationName = Release;
		};
		4F90475B20A00B1D007508B3 /* Build configuration list for PBXNativeTarget "PhotoBrowserUITests" */ = {
			isa = XCConfigurationList;
			buildConfigurations = (
				4F90475C20A00B1D007508B3 /* Debug */,
				4F90475D20A00B1D007508B3 /* Release */,
			);
			defaultConfigurationIsVisible = 0;
			defaultConfigurationName = Release;
		};
/* End XCConfigurationList section */
	};
	rootObject = 4F90472120A00B1D007508B3 /* Project object */;
}
